// !$*UTF8*$!
{
	archiveVersion = 1;
	classes = {
	};
	objectVersion = 46;
	objects = {

/* Begin PBXBuildFile section */
		71D703C4199813BA002D4621 /* AppDelegate.swift in Sources */ = {isa = PBXBuildFile; fileRef = 71D703C3199813BA002D4621 /* AppDelegate.swift */; };
		71D703CB199813BA002D4621 /* Images.xcassets in Resources */ = {isa = PBXBuildFile; fileRef = 71D703CA199813BA002D4621 /* Images.xcassets */; };
		71D703D7199813BA002D4621 /* GitReference_SwiftTests.swift in Sources */ = {isa = PBXBuildFile; fileRef = 71D703D6199813BA002D4621 /* GitReference_SwiftTests.swift */; };
		71D703E11998141A002D4621 /* ReferenceViewController.swift in Sources */ = {isa = PBXBuildFile; fileRef = 71D703E01998141A002D4621 /* ReferenceViewController.swift */; };
/* End PBXBuildFile section */

/* Begin PBXContainerItemProxy section */
		71D703D1199813BA002D4621 /* PBXContainerItemProxy */ = {
			isa = PBXContainerItemProxy;
			containerPortal = 71D703B6199813BA002D4621 /* Project object */;
			proxyType = 1;
			remoteGlobalIDString = 71D703BD199813BA002D4621;
			remoteInfo = "GitReference-Swift";
		};
/* End PBXContainerItemProxy section */

/* Begin PBXFileReference section */
		71D703BE199813BA002D4621 /* GitReference-Swift.app */ = {isa = PBXFileReference; explicitFileType = wrapper.application; includeInIndex = 0; path = "GitReference-Swift.app"; sourceTree = BUILT_PRODUCTS_DIR; };
		71D703C2199813BA002D4621 /* Info.plist */ = {isa = PBXFileReference; lastKnownFileType = text.plist.xml; path = Info.plist; sourceTree = "<group>"; };
		71D703C3199813BA002D4621 /* AppDelegate.swift */ = {isa = PBXFileReference; lastKnownFileType = sourcecode.swift; path = AppDelegate.swift; sourceTree = "<group>"; };
		71D703CA199813BA002D4621 /* Images.xcassets */ = {isa = PBXFileReference; lastKnownFileType = folder.assetcatalog; path = Images.xcassets; sourceTree = "<group>"; };
		71D703D0199813BA002D4621 /* GitReference-SwiftTests.xctest */ = {isa = PBXFileReference; explicitFileType = wrapper.cfbundle; includeInIndex = 0; path = "GitReference-SwiftTests.xctest"; sourceTree = BUILT_PRODUCTS_DIR; };
		71D703D5199813BA002D4621 /* Info.plist */ = {isa = PBXFileReference; lastKnownFileType = text.plist.xml; path = Info.plist; sourceTree = "<group>"; };
		71D703D6199813BA002D4621 /* GitReference_SwiftTests.swift */ = {isa = PBXFileReference; lastKnownFileType = sourcecode.swift; path = GitReference_SwiftTests.swift; sourceTree = "<group>"; };
		71D703E01998141A002D4621 /* ReferenceViewController.swift */ = {isa = PBXFileReference; fileEncoding = 4; lastKnownFileType = sourcecode.swift; path = ReferenceViewController.swift; sourceTree = "<group>"; };
/* End PBXFileReference section */

/* Begin PBXFrameworksBuildPhase section */
		71D703BB199813BA002D4621 /* Frameworks */ = {
			isa = PBXFrameworksBuildPhase;
			buildActionMask = 2147483647;
			files = (
			);
			runOnlyForDeploymentPostprocessing = 0;
		};
		71D703CD199813BA002D4621 /* Frameworks */ = {
			isa = PBXFrameworksBuildPhase;
			buildActionMask = 2147483647;
			files = (
			);
			runOnlyForDeploymentPostprocessing = 0;
		};
/* End PBXFrameworksBuildPhase section */

/* Begin PBXGroup section */
		71D703B5199813BA002D4621 = {
			isa = PBXGroup;
			children = (
				71D703C0199813BA002D4621 /* GitReference-Swift */,
				71D703D3199813BA002D4621 /* GitReference-SwiftTests */,
				71D703BF199813BA002D4621 /* Products */,
			);
			sourceTree = "<group>";
		};
		71D703BF199813BA002D4621 /* Products */ = {
			isa = PBXGroup;
			children = (
				71D703BE199813BA002D4621 /* GitReference-Swift.app */,
				71D703D0199813BA002D4621 /* GitReference-SwiftTests.xctest */,
			);
			name = Products;
			sourceTree = "<group>";
		};
		71D703C0199813BA002D4621 /* GitReference-Swift */ = {
			isa = PBXGroup;
			children = (
				71D703C3199813BA002D4621 /* AppDelegate.swift */,
				71D703E01998141A002D4621 /* ReferenceViewController.swift */,
				71D703CA199813BA002D4621 /* Images.xcassets */,
				71D703C1199813BA002D4621 /* Supporting Files */,
			);
			path = "GitReference-Swift";
			sourceTree = "<group>";
		};
		71D703C1199813BA002D4621 /* Supporting Files */ = {
			isa = PBXGroup;
			children = (
				71D703C2199813BA002D4621 /* Info.plist */,
			);
			name = "Supporting Files";
			sourceTree = "<group>";
		};
		71D703D3199813BA002D4621 /* GitReference-SwiftTests */ = {
			isa = PBXGroup;
			children = (
				71D703D6199813BA002D4621 /* GitReference_SwiftTests.swift */,
				71D703D4199813BA002D4621 /* Supporting Files */,
			);
			path = "GitReference-SwiftTests";
			sourceTree = "<group>";
		};
		71D703D4199813BA002D4621 /* Supporting Files */ = {
			isa = PBXGroup;
			children = (
				71D703D5199813BA002D4621 /* Info.plist */,
			);
			name = "Supporting Files";
			sourceTree = "<group>";
		};
/* End PBXGroup section */

/* Begin PBXNativeTarget section */
		71D703BD199813BA002D4621 /* GitReference-Swift */ = {
			isa = PBXNativeTarget;
			buildConfigurationList = 71D703DA199813BA002D4621 /* Build configuration list for PBXNativeTarget "GitReference-Swift" */;
			buildPhases = (
				71D703BA199813BA002D4621 /* Sources */,
				71D703BB199813BA002D4621 /* Frameworks */,
				71D703BC199813BA002D4621 /* Resources */,
			);
			buildRules = (
			);
			dependencies = (
			);
			name = "GitReference-Swift";
			productName = "GitReference-Swift";
			productReference = 71D703BE199813BA002D4621 /* GitReference-Swift.app */;
			productType = "com.apple.product-type.application";
		};
		71D703CF199813BA002D4621 /* GitReference-SwiftTests */ = {
			isa = PBXNativeTarget;
			buildConfigurationList = 71D703DD199813BA002D4621 /* Build configuration list for PBXNativeTarget "GitReference-SwiftTests" */;
			buildPhases = (
				71D703CC199813BA002D4621 /* Sources */,
				71D703CD199813BA002D4621 /* Frameworks */,
				71D703CE199813BA002D4621 /* Resources */,
			);
			buildRules = (
			);
			dependencies = (
				71D703D2199813BA002D4621 /* PBXTargetDependency */,
			);
			name = "GitReference-SwiftTests";
			productName = "GitReference-SwiftTests";
			productReference = 71D703D0199813BA002D4621 /* GitReference-SwiftTests.xctest */;
			productType = "com.apple.product-type.bundle.unit-test";
		};
/* End PBXNativeTarget section */

/* Begin PBXProject section */
		71D703B6199813BA002D4621 /* Project object */ = {
			isa = PBXProject;
			attributes = {
				LastUpgradeCheck = 0600;
				ORGANIZATIONNAME = DevMountain;
				TargetAttributes = {
					71D703BD199813BA002D4621 = {
						CreatedOnToolsVersion = 6.0;
					};
					71D703CF199813BA002D4621 = {
						CreatedOnToolsVersion = 6.0;
						TestTargetID = 71D703BD199813BA002D4621;
					};
				};
			};
			buildConfigurationList = 71D703B9199813BA002D4621 /* Build configuration list for PBXProject "GitReference-Swift" */;
			compatibilityVersion = "Xcode 3.2";
			developmentRegion = English;
			hasScannedForEncodings = 0;
			knownRegions = (
				en,
				Base,
			);
			mainGroup = 71D703B5199813BA002D4621;
			productRefGroup = 71D703BF199813BA002D4621 /* Products */;
			projectDirPath = "";
			projectRoot = "";
			targets = (
				71D703BD199813BA002D4621 /* GitReference-Swift */,
				71D703CF199813BA002D4621 /* GitReference-SwiftTests */,
			);
		};
/* End PBXProject section */

/* Begin PBXResourcesBuildPhase section */
		71D703BC199813BA002D4621 /* Resources */ = {
			isa = PBXResourcesBuildPhase;
			buildActionMask = 2147483647;
			files = (
				71D703CB199813BA002D4621 /* Images.xcassets in Resources */,
			);
			runOnlyForDeploymentPostprocessing = 0;
		};
		71D703CE199813BA002D4621 /* Resources */ = {
			isa = PBXResourcesBuildPhase;
			buildActionMask = 2147483647;
			files = (
			);
			runOnlyForDeploymentPostprocessing = 0;
		};
/* End PBXResourcesBuildPhase section */

/* Begin PBXSourcesBuildPhase section */
		71D703BA199813BA002D4621 /* Sources */ = {
			isa = PBXSourcesBuildPhase;
			buildActionMask = 2147483647;
			files = (
				71D703E11998141A002D4621 /* ReferenceViewController.swift in Sources */,
				71D703C4199813BA002D4621 /* AppDelegate.swift in Sources */,
			);
			runOnlyForDeploymentPostprocessing = 0;
		};
		71D703CC199813BA002D4621 /* Sources */ = {
			isa = PBXSourcesBuildPhase;
			buildActionMask = 2147483647;
			files = (
				71D703D7199813BA002D4621 /* GitReference_SwiftTests.swift in Sources */,
			);
			runOnlyForDeploymentPostprocessing = 0;
		};
/* End PBXSourcesBuildPhase section */

/* Begin PBXTargetDependency section */
		71D703D2199813BA002D4621 /* PBXTargetDependency */ = {
			isa = PBXTargetDependency;
			target = 71D703BD199813BA002D4621 /* GitReference-Swift */;
			targetProxy = 71D703D1199813BA002D4621 /* PBXContainerItemProxy */;
		};
/* End PBXTargetDependency section */

/* Begin XCBuildConfiguration section */
		71D703D8199813BA002D4621 /* Debug */ = {
			isa = XCBuildConfiguration;
			buildSettings = {
				ALWAYS_SEARCH_USER_PATHS = NO;
				CLANG_CXX_LANGUAGE_STANDARD = "gnu++0x";
				CLANG_CXX_LIBRARY = "libc++";
				CLANG_ENABLE_MODULES = YES;
				CLANG_ENABLE_OBJC_ARC = YES;
				CLANG_WARN_BOOL_CONVERSION = YES;
				CLANG_WARN_CONSTANT_CONVERSION = YES;
				CLANG_WARN_DIRECT_OBJC_ISA_USAGE = YES_ERROR;
				CLANG_WARN_EMPTY_BODY = YES;
				CLANG_WARN_ENUM_CONVERSION = YES;
				CLANG_WARN_INT_CONVERSION = YES;
				CLANG_WARN_OBJC_ROOT_CLASS = YES_ERROR;
				CLANG_WARN_UNREACHABLE_CODE = YES;
				CLANG_WARN__DUPLICATE_METHOD_MATCH = YES;
				"CODE_SIGN_IDENTITY[sdk=iphoneos*]" = "iPhone Developer";
				COPY_PHASE_STRIP = NO;
				ENABLE_STRICT_OBJC_MSGSEND = YES;
				GCC_C_LANGUAGE_STANDARD = gnu99;
				GCC_DYNAMIC_NO_PIC = NO;
				GCC_OPTIMIZATION_LEVEL = 0;
				GCC_PREPROCESSOR_DEFINITIONS = (
					"DEBUG=1",
					"$(inherited)",
				);
				GCC_SYMBOLS_PRIVATE_EXTERN = NO;
				GCC_WARN_64_TO_32_BIT_CONVERSION = YES;
				GCC_WARN_ABOUT_RETURN_TYPE = YES_ERROR;
				GCC_WARN_UNDECLARED_SELECTOR = YES;
				GCC_WARN_UNINITIALIZED_AUTOS = YES_AGGRESSIVE;
				GCC_WARN_UNUSED_FUNCTION = YES;
				GCC_WARN_UNUSED_VARIABLE = YES;
				IPHONEOS_DEPLOYMENT_TARGET = 8.0;
				MTL_ENABLE_DEBUG_INFO = YES;
				ONLY_ACTIVE_ARCH = YES;
				SDKROOT = iphoneos;
				SWIFT_OPTIMIZATION_LEVEL = "-Onone";
			};
			name = Debug;
		};
		71D703D9199813BA002D4621 /* Release */ = {
			isa = XCBuildConfiguration;
			buildSettings = {
				ALWAYS_SEARCH_USER_PATHS = NO;
				CLANG_CXX_LANGUAGE_STANDARD = "gnu++0x";
				CLANG_CXX_LIBRARY = "libc++";
				CLANG_ENABLE_MODULES = YES;
				CLANG_ENABLE_OBJC_ARC = YES;
				CLANG_WARN_BOOL_CONVERSION = YES;
				CLANG_WARN_CONSTANT_CONVERSION = YES;
				CLANG_WARN_DIRECT_OBJC_ISA_USAGE = YES_ERROR;
				CLANG_WARN_EMPTY_BODY = YES;
				CLANG_WARN_ENUM_CONVERSION = YES;
				CLANG_WARN_INT_CONVERSION = YES;
				CLANG_WARN_OBJC_ROOT_CLASS = YES_ERROR;
				CLANG_WARN_UNREACHABLE_CODE = YES;
				CLANG_WARN__DUPLICATE_METHOD_MATCH = YES;
				"CODE_SIGN_IDENTITY[sdk=iphoneos*]" = "iPhone Developer";
				COPY_PHASE_STRIP = YES;
				ENABLE_NS_ASSERTIONS = NO;
				ENABLE_STRICT_OBJC_MSGSEND = YES;
				GCC_C_LANGUAGE_STANDARD = gnu99;
				GCC_WARN_64_TO_32_BIT_CONVERSION = YES;
				GCC_WARN_ABOUT_RETURN_TYPE = YES_ERROR;
				GCC_WARN_UNDECLARED_SELECTOR = YES;
				GCC_WARN_UNINITIALIZED_AUTOS = YES_AGGRESSIVE;
				GCC_WARN_UNUSED_FUNCTION = YES;
				GCC_WARN_UNUSED_VARIABLE = YES;
				IPHONEOS_DEPLOYMENT_TARGET = 8.0;
				MTL_ENABLE_DEBUG_INFO = NO;
				SDKROOT = iphoneos;
				VALIDATE_PRODUCT = YES;
			};
			name = Release;
		};
		71D703DB199813BA002D4621 /* Debug */ = {
			isa = XCBuildConfiguration;
			buildSettings = {
				ASSETCATALOG_COMPILER_APPICON_NAME = AppIcon;
				ASSETCATALOG_COMPILER_LAUNCHIMAGE_NAME = LaunchImage;
				INFOPLIST_FILE = "GitReference-Swift/Info.plist";
				LD_RUNPATH_SEARCH_PATHS = "$(inherited) @executable_path/Frameworks";
				PRODUCT_NAME = "$(TARGET_NAME)";
			};
			name = Debug;
		};
		71D703DC199813BA002D4621 /* Release */ = {
			isa = XCBuildConfiguration;
			buildSettings = {
				ASSETCATALOG_COMPILER_APPICON_NAME = AppIcon;
				ASSETCATALOG_COMPILER_LAUNCHIMAGE_NAME = LaunchImage;
				INFOPLIST_FILE = "GitReference-Swift/Info.plist";
				LD_RUNPATH_SEARCH_PATHS = "$(inherited) @executable_path/Frameworks";
				PRODUCT_NAME = "$(TARGET_NAME)";
			};
			name = Release;
		};
		71D703DE199813BA002D4621 /* Debug */ = {
			isa = XCBuildConfiguration;
			buildSettings = {
				BUNDLE_LOADER = "$(TEST_HOST)";
				FRAMEWORK_SEARCH_PATHS = (
					"$(SDKROOT)/Developer/Library/Frameworks",
					"$(inherited)",
				);
				GCC_PREPROCESSOR_DEFINITIONS = (
					"DEBUG=1",
					"$(inherited)",
				);
				INFOPLIST_FILE = "GitReference-SwiftTests/Info.plist";
				LD_RUNPATH_SEARCH_PATHS = "$(inherited) @executable_path/Frameworks @loader_path/Frameworks";
				PRODUCT_NAME = "$(TARGET_NAME)";
				TEST_HOST = "$(BUILT_PRODUCTS_DIR)/GitReference-Swift.app/GitReference-Swift";
			};
			name = Debug;
		};
		71D703DF199813BA002D4621 /* Release */ = {
			isa = XCBuildConfiguration;
			buildSettings = {
				BUNDLE_LOADER = "$(TEST_HOST)";
				FRAMEWORK_SEARCH_PATHS = (
					"$(SDKROOT)/Developer/Library/Frameworks",
					"$(inherited)",
				);
				INFOPLIST_FILE = "GitReference-SwiftTests/Info.plist";
				LD_RUNPATH_SEARCH_PATHS = "$(inherited) @executable_path/Frameworks @loader_path/Frameworks";
				PRODUCT_NAME = "$(TARGET_NAME)";
				TEST_HOST = "$(BUILT_PRODUCTS_DIR)/GitReference-Swift.app/GitReference-Swift";
			};
			name = Release;
		};
/* End XCBuildConfiguration section */

/* Begin XCConfigurationList section */
		71D703B9199813BA002D4621 /* Build configuration list for PBXProject "GitReference-Swift" */ = {
			isa = XCConfigurationList;
			buildConfigurations = (
				71D703D8199813BA002D4621 /* Debug */,
				71D703D9199813BA002D4621 /* Release */,
			);
			defaultConfigurationIsVisible = 0;
			defaultConfigurationName = Release;
		};
		71D703DA199813BA002D4621 /* Build configuration list for PBXNativeTarget "GitReference-Swift" */ = {
			isa = XCConfigurationList;
			buildConfigurations = (
				71D703DB199813BA002D4621 /* Debug */,
				71D703DC199813BA002D4621 /* Release */,
			);
			defaultConfigurationIsVisible = 0;
		};
		71D703DD199813BA002D4621 /* Build configuration list for PBXNativeTarget "GitReference-SwiftTests" */ = {
			isa = XCConfigurationList;
			buildConfigurations = (
				71D703DE199813BA002D4621 /* Debug */,
				71D703DF199813BA002D4621 /* Release */,
			);
			defaultConfigurationIsVisible = 0;
		};
/* End XCConfigurationList section */
	};
	rootObject = 71D703B6199813BA002D4621 /* Project object */;
}
